// !$*UTF8*$!
{
	archiveVersion = 1;
	classes = {
	};
	objectVersion = 56;
	objects = {

/* Begin PBXBuildFile section */
		107157E42B3C5A27009616F2 /* ParkingDetailView.swift in Sources */ = {isa = PBXBuildFile; fileRef = 107157E32B3C5A27009616F2 /* ParkingDetailView.swift */; };
		10D6993F2B333F1400A05990 /* ParkingModel.swift in Sources */ = {isa = PBXBuildFile; fileRef = 10D6993E2B333F1400A05990 /* ParkingModel.swift */; };
		10D699412B34536000A05990 /* ParkingViewmodel.swift in Sources */ = {isa = PBXBuildFile; fileRef = 10D699402B34536000A05990 /* ParkingViewmodel.swift */; };
		10D699432B371C3000A05990 /* ParkingCardView.swift in Sources */ = {isa = PBXBuildFile; fileRef = 10D699422B371C3000A05990 /* ParkingCardView.swift */; };
		10D699462B3B1F0100A05990 /* ParkingAPIModel.swift in Sources */ = {isa = PBXBuildFile; fileRef = 10D699452B3B1F0100A05990 /* ParkingAPIModel.swift */; };
		10D699482B3B1F2F00A05990 /* ParkingAPIService.swift in Sources */ = {isa = PBXBuildFile; fileRef = 10D699472B3B1F2F00A05990 /* ParkingAPIService.swift */; };
		10E528BC2B33173E002489A5 /* Parking_GentApp.swift in Sources */ = {isa = PBXBuildFile; fileRef = 10E528BB2B33173E002489A5 /* Parking_GentApp.swift */; };
		10E528BE2B33173E002489A5 /* ParkingAppView.swift in Sources */ = {isa = PBXBuildFile; fileRef = 10E528BD2B33173E002489A5 /* ParkingAppView.swift */; };
		10E528C02B331741002489A5 /* Assets.xcassets in Resources */ = {isa = PBXBuildFile; fileRef = 10E528BF2B331741002489A5 /* Assets.xcassets */; };
		10E528C32B331741002489A5 /* Preview Assets.xcassets in Resources */ = {isa = PBXBuildFile; fileRef = 10E528C22B331741002489A5 /* Preview Assets.xcassets */; };
/* End PBXBuildFile section */

/* Begin PBXFileReference section */
		107157E32B3C5A27009616F2 /* ParkingDetailView.swift */ = {isa = PBXFileReference; lastKnownFileType = sourcecode.swift; path = ParkingDetailView.swift; sourceTree = "<group>"; };
		10D6993E2B333F1400A05990 /* ParkingModel.swift */ = {isa = PBXFileReference; lastKnownFileType = sourcecode.swift; path = ParkingModel.swift; sourceTree = "<group>"; };
		10D699402B34536000A05990 /* ParkingViewmodel.swift */ = {isa = PBXFileReference; lastKnownFileType = sourcecode.swift; path = ParkingViewmodel.swift; sourceTree = "<group>"; };
		10D699422B371C3000A05990 /* ParkingCardView.swift */ = {isa = PBXFileReference; lastKnownFileType = sourcecode.swift; path = ParkingCardView.swift; sourceTree = "<group>"; };
		10D699452B3B1F0100A05990 /* ParkingAPIModel.swift */ = {isa = PBXFileReference; lastKnownFileType = sourcecode.swift; path = ParkingAPIModel.swift; sourceTree = "<group>"; };
		10D699472B3B1F2F00A05990 /* ParkingAPIService.swift */ = {isa = PBXFileReference; lastKnownFileType = sourcecode.swift; path = ParkingAPIService.swift; sourceTree = "<group>"; };
		10E528B82B33173E002489A5 /* Parking Gent.app */ = {isa = PBXFileReference; explicitFileType = wrapper.application; includeInIndex = 0; path = "Parking Gent.app"; sourceTree = BUILT_PRODUCTS_DIR; };
		10E528BB2B33173E002489A5 /* Parking_GentApp.swift */ = {isa = PBXFileReference; lastKnownFileType = sourcecode.swift; path = Parking_GentApp.swift; sourceTree = "<group>"; };
		10E528BD2B33173E002489A5 /* ParkingAppView.swift */ = {isa = PBXFileReference; lastKnownFileType = sourcecode.swift; path = ParkingAppView.swift; sourceTree = "<group>"; };
		10E528BF2B331741002489A5 /* Assets.xcassets */ = {isa = PBXFileReference; lastKnownFileType = folder.assetcatalog; path = Assets.xcassets; sourceTree = "<group>"; };
		10E528C22B331741002489A5 /* Preview Assets.xcassets */ = {isa = PBXFileReference; lastKnownFileType = folder.assetcatalog; path = "Preview Assets.xcassets"; sourceTree = "<group>"; };
/* End PBXFileReference section */

/* Begin PBXFrameworksBuildPhase section */
		10E528B52B33173E002489A5 /* Frameworks */ = {
			isa = PBXFrameworksBuildPhase;
			buildActionMask = 2147483647;
			files = (
			);
			runOnlyForDeploymentPostprocessing = 0;
		};
/* End PBXFrameworksBuildPhase section */

/* Begin PBXGroup section */
		10D699442B3B132C00A05990 /* API */ = {
			isa = PBXGroup;
			children = (
				10D699452B3B1F0100A05990 /* ParkingAPIModel.swift */,
				10D699472B3B1F2F00A05990 /* ParkingAPIService.swift */,
			);
			path = API;
			sourceTree = "<group>";
		};
		10E528AF2B33173E002489A5 = {
			isa = PBXGroup;
			children = (
				10E528BA2B33173E002489A5 /* Parking Gent */,
				10E528B92B33173E002489A5 /* Products */,
			);
			sourceTree = "<group>";
		};
		10E528B92B33173E002489A5 /* Products */ = {
			isa = PBXGroup;
			children = (
				10E528B82B33173E002489A5 /* Parking Gent.app */,
			);
			name = Products;
			sourceTree = "<group>";
		};
		10E528BA2B33173E002489A5 /* Parking Gent */ = {
			isa = PBXGroup;
			children = (
				10D699442B3B132C00A05990 /* API */,
				10E528BB2B33173E002489A5 /* Parking_GentApp.swift */,
				10E528BD2B33173E002489A5 /* ParkingAppView.swift */,
				10E528BF2B331741002489A5 /* Assets.xcassets */,
				10E528C12B331741002489A5 /* Preview Content */,
				10D6993E2B333F1400A05990 /* ParkingModel.swift */,
				10D699402B34536000A05990 /* ParkingViewmodel.swift */,
				107157E32B3C5A27009616F2 /* ParkingDetailView.swift */,
				10D699422B371C3000A05990 /* ParkingCardView.swift */,
			);
			path = "Parking Gent";
			sourceTree = "<group>";
		};
		10E528C12B331741002489A5 /* Preview Content */ = {
			isa = PBXGroup;
			children = (
				10E528C22B331741002489A5 /* Preview Assets.xcassets */,
			);
			path = "Preview Content";
			sourceTree = "<group>";
		};
/* End PBXGroup section */

/* Begin PBXNativeTarget section */
		10E528B72B33173E002489A5 /* Parking Gent */ = {
			isa = PBXNativeTarget;
			buildConfigurationList = 10E528C62B331741002489A5 /* Build configuration list for PBXNativeTarget "Parking Gent" */;
			buildPhases = (
				10E528B42B33173E002489A5 /* Sources */,
				10E528B52B33173E002489A5 /* Frameworks */,
				10E528B62B33173E002489A5 /* Resources */,
			);
			buildRules = (
			);
			dependencies = (
			);
			name = "Parking Gent";
			productName = "Parking Gent";
			productReference = 10E528B82B33173E002489A5 /* Parking Gent.app */;
			productType = "com.apple.product-type.application";
		};
/* End PBXNativeTarget section */

/* Begin PBXProject section */
		10E528B02B33173E002489A5 /* Project object */ = {
			isa = PBXProject;
			attributes = {
				BuildIndependentTargetsInParallel = 1;
				LastSwiftUpdateCheck = 1420;
				LastUpgradeCheck = 1420;
				TargetAttributes = {
					10E528B72B33173E002489A5 = {
						CreatedOnToolsVersion = 14.2;
					};
				};
			};
			buildConfigurationList = 10E528B32B33173E002489A5 /* Build configuration list for PBXProject "Parking Gent" */;
			compatibilityVersion = "Xcode 14.0";
			developmentRegion = en;
			hasScannedForEncodings = 0;
			knownRegions = (
				en,
				Base,
			);
			mainGroup = 10E528AF2B33173E002489A5;
			productRefGroup = 10E528B92B33173E002489A5 /* Products */;
			projectDirPath = "";
			projectRoot = "";
			targets = (
				10E528B72B33173E002489A5 /* Parking Gent */,
			);
		};
/* End PBXProject section */

/* Begin PBXResourcesBuildPhase section */
		10E528B62B33173E002489A5 /* Resources */ = {
			isa = PBXResourcesBuildPhase;
			buildActionMask = 2147483647;
			files = (
				10E528C32B331741002489A5 /* Preview Assets.xcassets in Resources */,
				10E528C02B331741002489A5 /* Assets.xcassets in Resources */,
			);
			runOnlyForDeploymentPostprocessing = 0;
		};
/* End PBXResourcesBuildPhase section */

/* Begin PBXSourcesBuildPhase section */
		10E528B42B33173E002489A5 /* Sources */ = {
			isa = PBXSourcesBuildPhase;
			buildActionMask = 2147483647;
			files = (
				10E528BE2B33173E002489A5 /* ParkingAppView.swift in Sources */,
				10D699412B34536000A05990 /* ParkingViewmodel.swift in Sources */,
				10D699432B371C3000A05990 /* ParkingCardView.swift in Sources */,
				10D6993F2B333F1400A05990 /* ParkingModel.swift in Sources */,
				107157E42B3C5A27009616F2 /* ParkingDetailView.swift in Sources */,
				10D699462B3B1F0100A05990 /* ParkingAPIModel.swift in Sources */,
				10D699482B3B1F2F00A05990 /* ParkingAPIService.swift in Sources */,
				10E528BC2B33173E002489A5 /* Parking_GentApp.swift in Sources */,
			);
			runOnlyForDeploymentPostprocessing = 0;
		};
/* End PBXSourcesBuildPhase section */

/* Begin XCBuildConfiguration section */
		10E528C42B331741002489A5 /* Debug */ = {
			isa = XCBuildConfiguration;
			buildSettings = {
				ALWAYS_SEARCH_USER_PATHS = NO;
				CLANG_ANALYZER_NONNULL = YES;
				CLANG_ANALYZER_NUMBER_OBJECT_CONVERSION = YES_AGGRESSIVE;
				CLANG_CXX_LANGUAGE_STANDARD = "gnu++20";
				CLANG_ENABLE_MODULES = YES;
				CLANG_ENABLE_OBJC_ARC = YES;
				CLANG_ENABLE_OBJC_WEAK = YES;
				CLANG_WARN_BLOCK_CAPTURE_AUTORELEASING = YES;
				CLANG_WARN_BOOL_CONVERSION = YES;
				CLANG_WARN_COMMA = YES;
				CLANG_WARN_CONSTANT_CONVERSION = YES;
				CLANG_WARN_DEPRECATED_OBJC_IMPLEMENTATIONS = YES;
				CLANG_WARN_DIRECT_OBJC_ISA_USAGE = YES_ERROR;
				CLANG_WARN_DOCUMENTATION_COMMENTS = YES;
				CLANG_WARN_EMPTY_BODY = YES;
				CLANG_WARN_ENUM_CONVERSION = YES;
				CLANG_WARN_INFINITE_RECURSION = YES;
				CLANG_WARN_INT_CONVERSION = YES;
				CLANG_WARN_NON_LITERAL_NULL_CONVERSION = YES;
				CLANG_WARN_OBJC_IMPLICIT_RETAIN_SELF = YES;
				CLANG_WARN_OBJC_LITERAL_CONVERSION = YES;
				CLANG_WARN_OBJC_ROOT_CLASS = YES_ERROR;
				CLANG_WARN_QUOTED_INCLUDE_IN_FRAMEWORK_HEADER = YES;
				CLANG_WARN_RANGE_LOOP_ANALYSIS = YES;
				CLANG_WARN_STRICT_PROTOTYPES = YES;
				CLANG_WARN_SUSPICIOUS_MOVE = YES;
				CLANG_WARN_UNGUARDED_AVAILABILITY = YES_AGGRESSIVE;
				CLANG_WARN_UNREACHABLE_CODE = YES;
				CLANG_WARN__DUPLICATE_METHOD_MATCH = YES;
				COPY_PHASE_STRIP = NO;
				DEBUG_INFORMATION_FORMAT = dwarf;
				ENABLE_STRICT_OBJC_MSGSEND = YES;
				ENABLE_TESTABILITY = YES;
				GCC_C_LANGUAGE_STANDARD = gnu11;
				GCC_DYNAMIC_NO_PIC = NO;
				GCC_NO_COMMON_BLOCKS = YES;
				GCC_OPTIMIZATION_LEVEL = 0;
				GCC_PREPROCESSOR_DEFINITIONS = (
					"DEBUG=1",
					"$(inherited)",
				);
				GCC_WARN_64_TO_32_BIT_CONVERSION = YES;
				GCC_WARN_ABOUT_RETURN_TYPE = YES_ERROR;
				GCC_WARN_UNDECLARED_SELECTOR = YES;
				GCC_WARN_UNINITIALIZED_AUTOS = YES_AGGRESSIVE;
				GCC_WARN_UNUSED_FUNCTION = YES;
				GCC_WARN_UNUSED_VARIABLE = YES;
				IPHONEOS_DEPLOYMENT_TARGET = 16.2;
				MTL_ENABLE_DEBUG_INFO = INCLUDE_SOURCE;
				MTL_FAST_MATH = YES;
				ONLY_ACTIVE_ARCH = YES;
				SDKROOT = iphoneos;
				SWIFT_ACTIVE_COMPILATION_CONDITIONS = DEBUG;
				SWIFT_OPTIMIZATION_LEVEL = "-Onone";
			};
			name = Debug;
		};
		10E528C52B331741002489A5 /* Release */ = {
			isa = XCBuildConfiguration;
			buildSettings = {
				ALWAYS_SEARCH_USER_PATHS = NO;
				CLANG_ANALYZER_NONNULL = YES;
				CLANG_ANALYZER_NUMBER_OBJECT_CONVERSION = YES_AGGRESSIVE;
				CLANG_CXX_LANGUAGE_STANDARD = "gnu++20";
				CLANG_ENABLE_MODULES = YES;
				CLANG_ENABLE_OBJC_ARC = YES;
				CLANG_ENABLE_OBJC_WEAK = YES;
				CLANG_WARN_BLOCK_CAPTURE_AUTORELEASING = YES;
				CLANG_WARN_BOOL_CONVERSION = YES;
				CLANG_WARN_COMMA = YES;
				CLANG_WARN_CONSTANT_CONVERSION = YES;
				CLANG_WARN_DEPRECATED_OBJC_IMPLEMENTATIONS = YES;
				CLANG_WARN_DIRECT_OBJC_ISA_USAGE = YES_ERROR;
				CLANG_WARN_DOCUMENTATION_COMMENTS = YES;
				CLANG_WARN_EMPTY_BODY = YES;
				CLANG_WARN_ENUM_CONVERSION = YES;
				CLANG_WARN_INFINITE_RECURSION = YES;
				CLANG_WARN_INT_CONVERSION = YES;
				CLANG_WARN_NON_LITERAL_NULL_CONVERSION = YES;
				CLANG_WARN_OBJC_IMPLICIT_RETAIN_SELF = YES;
				CLANG_WARN_OBJC_LITERAL_CONVERSION = YES;
				CLANG_WARN_OBJC_ROOT_CLASS = YES_ERROR;
				CLANG_WARN_QUOTED_INCLUDE_IN_FRAMEWORK_HEADER = YES;
				CLANG_WARN_RANGE_LOOP_ANALYSIS = YES;
				CLANG_WARN_STRICT_PROTOTYPES = YES;
				CLANG_WARN_SUSPICIOUS_MOVE = YES;
				CLANG_WARN_UNGUARDED_AVAILABILITY = YES_AGGRESSIVE;
				CLANG_WARN_UNREACHABLE_CODE = YES;
				CLANG_WARN__DUPLICATE_METHOD_MATCH = YES;
				COPY_PHASE_STRIP = NO;
				DEBUG_INFORMATION_FORMAT = "dwarf-with-dsym";
				ENABLE_NS_ASSERTIONS = NO;
				ENABLE_STRICT_OBJC_MSGSEND = YES;
				GCC_C_LANGUAGE_STANDARD = gnu11;
				GCC_NO_COMMON_BLOCKS = YES;
				GCC_WARN_64_TO_32_BIT_CONVERSION = YES;
				GCC_WARN_ABOUT_RETURN_TYPE = YES_ERROR;
				GCC_WARN_UNDECLARED_SELECTOR = YES;
				GCC_WARN_UNINITIALIZED_AUTOS = YES_AGGRESSIVE;
				GCC_WARN_UNUSED_FUNCTION = YES;
				GCC_WARN_UNUSED_VARIABLE = YES;
				IPHONEOS_DEPLOYMENT_TARGET = 16.2;
				MTL_ENABLE_DEBUG_INFO = NO;
				MTL_FAST_MATH = YES;
				SDKROOT = iphoneos;
				SWIFT_COMPILATION_MODE = wholemodule;
				SWIFT_OPTIMIZATION_LEVEL = "-O";
				VALIDATE_PRODUCT = YES;
			};
			name = Release;
		};
		10E528C72B331741002489A5 /* Debug */ = {
			isa = XCBuildConfiguration;
			buildSettings = {
				ASSETCATALOG_COMPILER_APPICON_NAME = AppIcon;
				ASSETCATALOG_COMPILER_GLOBAL_ACCENT_COLOR_NAME = AccentColor;
				CODE_SIGN_STYLE = Automatic;
				CURRENT_PROJECT_VERSION = 1;
				DEVELOPMENT_ASSET_PATHS = "\"Parking Gent/Preview Content\"";
				ENABLE_PREVIEWS = YES;
				GENERATE_INFOPLIST_FILE = YES;
				INFOPLIST_KEY_UIApplicationSceneManifest_Generation = YES;
				INFOPLIST_KEY_UIApplicationSupportsIndirectInputEvents = YES;
				INFOPLIST_KEY_UILaunchScreen_Generation = YES;
				INFOPLIST_KEY_UISupportedInterfaceOrientations_iPad = "UIInterfaceOrientationPortrait UIInterfaceOrientationPortraitUpsideDown UIInterfaceOrientationLandscapeLeft UIInterfaceOrientationLandscapeRight";
				INFOPLIST_KEY_UISupportedInterfaceOrientations_iPhone = "UIInterfaceOrientationPortrait UIInterfaceOrientationLandscapeLeft UIInterfaceOrientationLandscapeRight";
				LD_RUNPATH_SEARCH_PATHS = (
					"$(inherited)",
					"@executable_path/Frameworks",
				);
				MARKETING_VERSION = 1.0;
				PRODUCT_BUNDLE_IDENTIFIER = "edu.hogent.aalst2023.lander.Parking-Gent";
				PRODUCT_NAME = "$(TARGET_NAME)";
				SWIFT_EMIT_LOC_STRINGS = YES;
				SWIFT_VERSION = 5.0;
				TARGETED_DEVICE_FAMILY = "1,2";
			};
			name = Debug;
		};
		10E528C82B331741002489A5 /* Release */ = {
			isa = XCBuildConfiguration;
			buildSettings = {
				ASSETCATALOG_COMPILER_APPICON_NAME = AppIcon;
				ASSETCATALOG_COMPILER_GLOBAL_ACCENT_COLOR_NAME = AccentColor;
				CODE_SIGN_STYLE = Automatic;
				CURRENT_PROJECT_VERSION = 1;
				DEVELOPMENT_ASSET_PATHS = "\"Parking Gent/Preview Content\"";
				ENABLE_PREVIEWS = YES;
				GENERATE_INFOPLIST_FILE = YES;
				INFOPLIST_KEY_UIApplicationSceneManifest_Generation = YES;
				INFOPLIST_KEY_UIApplicationSupportsIndirectInputEvents = YES;
				INFOPLIST_KEY_UILaunchScreen_Generation = YES;
				INFOPLIST_KEY_UISupportedInterfaceOrientations_iPad = "UIInterfaceOrientationPortrait UIInterfaceOrientationPortraitUpsideDown UIInterfaceOrientationLandscapeLeft UIInterfaceOrientationLandscapeRight";
				INFOPLIST_KEY_UISupportedInterfaceOrientations_iPhone = "UIInterfaceOrientationPortrait UIInterfaceOrientationLandscapeLeft UIInterfaceOrientationLandscapeRight";
				LD_RUNPATH_SEARCH_PATHS = (
					"$(inherited)",
					"@executable_path/Frameworks",
				);
				MARKETING_VERSION = 1.0;
				PRODUCT_BUNDLE_IDENTIFIER = "edu.hogent.aalst2023.lander.Parking-Gent";
				PRODUCT_NAME = "$(TARGET_NAME)";
				SWIFT_EMIT_LOC_STRINGS = YES;
				SWIFT_VERSION = 5.0;
				TARGETED_DEVICE_FAMILY = "1,2";
			};
			name = Release;
		};
/* End XCBuildConfiguration section */

/* Begin XCConfigurationList section */
		10E528B32B33173E002489A5 /* Build configuration list for PBXProject "Parking Gent" */ = {
			isa = XCConfigurationList;
			buildConfigurations = (
				10E528C42B331741002489A5 /* Debug */,
				10E528C52B331741002489A5 /* Release */,
			);
			defaultConfigurationIsVisible = 0;
			defaultConfigurationName = Release;
		};
		10E528C62B331741002489A5 /* Build configuration list for PBXNativeTarget "Parking Gent" */ = {
			isa = XCConfigurationList;
			buildConfigurations = (
				10E528C72B331741002489A5 /* Debug */,
				10E528C82B331741002489A5 /* Release */,
			);
			defaultConfigurationIsVisible = 0;
			defaultConfigurationName = Release;
		};
/* End XCConfigurationList section */
	};
	rootObject = 10E528B02B33173E002489A5 /* Project object */;
}
